
Microsoft Visual Studio Solution File, Format Version 12.00
# Visual Studio Version 17
VisualStudioVersion = 17.4.33110.190
MinimumVisualStudioVersion = 10.0.40219.1
Project("{9A19103F-16F7-4668-BE54-9A1E7A4F7556}") = "PizzaApi", "PizzaApi\PizzaApi.csproj", "{F2797CAC-3143-4B6C-956E-181EADCCB061}"
EndProject
Project("{FAE04EC0-301F-11D3-BF4B-00C04F79EFBC}") = "DataBaseFunc", "DataBaseFunc\DataBaseFunc.csproj", "{2CCB7C13-0C7F-48C4-9763-E659F097D22B}"
EndProject
Global
	GlobalSection(SolutionConfigurationPlatforms) = preSolution
		Debug|Any CPU = Debug|Any CPU
		Release|Any CPU = Release|Any CPU
	EndGlobalSection
	GlobalSection(ProjectConfigurationPlatforms) = postSolution
		{F2797CAC-3143-4B6C-956E-181EADCCB061}.Debug|Any CPU.ActiveCfg = Debug|Any CPU
		{F2797CAC-3143-4B6C-956E-181EADCCB061}.Debug|Any CPU.Build.0 = Debug|Any CPU
		{F2797CAC-3143-4B6C-956E-181EADCCB061}.Release|Any CPU.ActiveCfg = Release|Any CPU
		{F2797CAC-3143-4B6C-956E-181EADCCB061}.Release|Any CPU.Build.0 = Release|Any CPU
		{2CCB7C13-0C7F-48C4-9763-E659F097D22B}.Debug|Any CPU.ActiveCfg = Debug|Any CPU
		{2CCB7C13-0C7F-48C4-9763-E659F097D22B}.Debug|Any CPU.Build.0 = Debug|Any CPU
		{2CCB7C13-0C7F-48C4-9763-E659F097D22B}.Release|Any CPU.ActiveCfg = Release|Any CPU
		{2CCB7C13-0C7F-48C4-9763-E659F097D22B}.Release|Any CPU.Build.0 = Release|Any CPU
	EndGlobalSection
	GlobalSection(SolutionProperties) = preSolution
		HideSolutionNode = FALSE
	EndGlobalSection
	GlobalSection(ExtensibilityGlobals) = postSolution
		SolutionGuid = {C8637D6A-8DC3-4ABB-94C2-27BD3EF6711F}
	EndGlobalSection
EndGlobal
